{
  "name": "optimizelysdkspeedtest",
  "version": "1.0.0",
  "lockfileVersion": 3,
  "requires": true,
  "packages": {
    "": {
      "name": "optimizelysdkspeedtest",
      "version": "1.0.0",
      "license": "ISC",
      "dependencies": {
        "@optimizely/optimizely-sdk": "^5.3.5"
      }
    },
    "node_modules/@babel/runtime": {
      "version": "7.27.1",
      "resolved": "https://registry.npmjs.org/@babel/runtime/-/runtime-7.27.1.tgz",
      "integrity": "sha512-1x3D2xEk2fRo3PAhwQwu5UubzgiVWSXTBfWpVd2Mx2AzRqJuDJCsgaDVZ7HB5iGzDW1Hl1sWN2mFyKjmR9uAog==",
      "peer": true,
      "engines": {
        "node": ">=6.9.0"
      }
    },
    "node_modules/@optimizely/optimizely-sdk": {
      "version": "5.3.5",
      "resolved": "https://registry.npmjs.org/@optimizely/optimizely-sdk/-/optimizely-sdk-5.3.5.tgz",
      "integrity": "sha512-nVoGnjqvKLCKWnjvOYSazuuMfQbYFZRWHPpYhY+zLTBk2jM3mkFKhrVTF2xzbm2otcRdRlE+633l5/1V+Gou7Q==",
      "dependencies": {
        "decompress-response": "^4.2.1",
        "json-schema": "^0.4.0",
        "murmurhash": "^2.0.1",
        "ua-parser-js": "^1.0.37",
        "uuid": "^9.0.1"
      },
      "engines": {
        "node": ">=14.0.0"
      },
      "peerDependencies": {
        "@babel/runtime": "^7.0.0",
        "@react-native-async-storage/async-storage": "^1.2.0",
        "@react-native-community/netinfo": "^11.3.2",
        "fast-text-encoding": "^1.0.6",
        "react-native-get-random-values": "^1.11.0"
      },
      "peerDependenciesMeta": {
        "@react-native-async-storage/async-storage": {
          "optional": true
        },
        "@react-native-community/netinfo": {
          "optional": true
        },
        "fast-text-encoding": {
          "optional": true
        },
        "react-native-get-random-values": {
          "optional": true
        }
      }
    },
    "node_modules/decompress-response": {
      "version": "4.2.1",
      "resolved": "https://registry.npmjs.org/decompress-response/-/decompress-response-4.2.1.tgz",
      "integrity": "sha512-jOSne2qbyE+/r8G1VU+G/82LBs2Fs4LAsTiLSHOCOMZQl2OKZ6i8i4IyHemTe+/yIXOtTcRQMzPcgyhoFlqPkw==",
      "dependencies": {
        "mimic-response": "^2.0.0"
      },
      "engines": {
        "node": ">=8"
      }
    },
    "node_modules/json-schema": {
      "version": "0.4.0",
      "resolved": "https://registry.npmjs.org/json-schema/-/json-schema-0.4.0.tgz",
      "integrity": "sha512-es94M3nTIfsEPisRafak+HDLfHXnKBhV3vU5eqPcS3flIWqcxJWgXHXiey3YrpaNsanY5ei1VoYEbOzijuq9BA=="
    },
    "node_modules/mimic-response": {
      "version": "2.1.0",
      "resolved": "https://registry.npmjs.org/mimic-response/-/mimic-response-2.1.0.tgz",
      "integrity": "sha512-wXqjST+SLt7R009ySCglWBCFpjUygmCIfD790/kVbiGmUgfYGuB14PiTd5DwVxSV4NcYHjzMkoj5LjQZwTQLEA==",
      "engines": {
        "node": ">=8"
      },
      "funding": {
        "url": "https://github.com/sponsors/sindresorhus"
      }
    },
    "node_modules/murmurhash": {
      "version": "2.0.1",
      "resolved": "https://registry.npmjs.org/murmurhash/-/murmurhash-2.0.1.tgz",
      "integrity": "sha512-5vQEh3y+DG/lMPM0mCGPDnyV8chYg/g7rl6v3Gd8WMF9S429ox3Xk8qrk174kWhG767KQMqqxLD1WnGd77hiew=="
    },
    "node_modules/ua-parser-js": {
      "version": "1.0.40",
      "resolved": "https://registry.npmjs.org/ua-parser-js/-/ua-parser-js-1.0.40.tgz",
      "integrity": "sha512-z6PJ8Lml+v3ichVojCiB8toQJBuwR42ySM4ezjXIqXK3M0HczmKQ3LF4rhU55PfD99KEEXQG6yb7iOMyvYuHew==",
      "funding": [
        {
          "type": "opencollective",
          "url": "https://opencollective.com/ua-parser-js"
        },
        {
          "type": "paypal",
          "url": "https://paypal.me/faisalman"
        },
        {
          "type": "github",
          "url": "https://github.com/sponsors/faisalman"
        }
      ],
      "bin": {
        "ua-parser-js": "script/cli.js"
      },
      "engines": {
        "node": "*"
      }
    },
    "node_modules/uuid": {
      "version": "9.0.1",
      "resolved": "https://registry.npmjs.org/uuid/-/uuid-9.0.1.tgz",
      "integrity": "sha512-b+1eJOlsR9K8HJpow9Ok3fiWOWSIcIzXodvv0rQjVoOVNpWMpxf1wZNpt4y9h10odCNrqnYp1OBzRktckBe3sA==",
      "funding": [
        "https://github.com/sponsors/broofa",
        "https://github.com/sponsors/ctavan"
      ],
      "bin": {
        "uuid": "dist/bin/uuid"
      }
    }
  }
}
